
Microsoft Visual Studio Solution File, Format Version 12.00
# Visual Studio Version 16
VisualStudioVersion = 16.0.30907.101
MinimumVisualStudioVersion = 10.0.40219.1
Project("{FAE04EC0-301F-11D3-BF4B-00C04F79EFBC}") = "Ssq", "Ssq\Ssq.csproj", "{CFFCB0B9-77A7-4E67-8B1B-523494966FAC}"
EndProject
Global
	GlobalSection(SolutionConfigurationPlatforms) = preSolution
		Debug|Any CPU = Debug|Any CPU
		Release|Any CPU = Release|Any CPU
	EndGlobalSection
	GlobalSection(ProjectConfigurationPlatforms) = postSolution
		{CFFCB0B9-77A7-4E67-8B1B-523494966FAC}.Debug|Any CPU.ActiveCfg = Debug|Any CPU
		{CFFCB0B9-77A7-4E67-8B1B-523494966FAC}.Debug|Any CPU.Build.0 = Debug|Any CPU
		{CFFCB0B9-77A7-4E67-8B1B-523494966FAC}.Release|Any CPU.ActiveCfg = Release|Any CPU
		{CFFCB0B9-77A7-4E67-8B1B-523494966FAC}.Release|Any CPU.Build.0 = Release|Any CPU
	EndGlobalSection
	GlobalSection(SolutionProperties) = preSolution
		HideSolutionNode = FALSE
	EndGlobalSection
	GlobalSection(ExtensibilityGlobals) = postSolution
		SolutionGuid = {7EA108D5-84A0-4D37-9951-E973D35FC286}
	EndGlobalSection
EndGlobal
